
Microsoft Visual Studio Solution File, Format Version 12.00
# Visual Studio Version 17
VisualStudioVersion = 17.10.35027.167
MinimumVisualStudioVersion = 10.0.40219.1
Project("{FAE04EC0-301F-11D3-BF4B-00C04F79EFBC}") = "MeteoriteApp.Server", "MeteoriteApp.Server\MeteoriteApp.Server.csproj", "{B92C4573-2B26-44AD-B321-3C115D4E4D91}"
EndProject
Project("{54A90642-561A-4BB1-A94E-469ADEE60C69}") = "meteoriteapp.client", "meteoriteapp.client\meteoriteapp.client.esproj", "{65CB1CCB-F510-40D5-84B7-6E3033DF27D9}"
EndProject
Global
	GlobalSection(SolutionConfigurationPlatforms) = preSolution
		Debug|Any CPU = Debug|Any CPU
		Release|Any CPU = Release|Any CPU
	EndGlobalSection
	GlobalSection(ProjectConfigurationPlatforms) = postSolution
		{B92C4573-2B26-44AD-B321-3C115D4E4D91}.Debug|Any CPU.ActiveCfg = Debug|Any CPU
		{B92C4573-2B26-44AD-B321-3C115D4E4D91}.Debug|Any CPU.Build.0 = Debug|Any CPU
		{B92C4573-2B26-44AD-B321-3C115D4E4D91}.Release|Any CPU.ActiveCfg = Release|Any CPU
		{B92C4573-2B26-44AD-B321-3C115D4E4D91}.Release|Any CPU.Build.0 = Release|Any CPU
		{65CB1CCB-F510-40D5-84B7-6E3033DF27D9}.Debug|Any CPU.ActiveCfg = Debug|Any CPU
		{65CB1CCB-F510-40D5-84B7-6E3033DF27D9}.Debug|Any CPU.Build.0 = Debug|Any CPU
		{65CB1CCB-F510-40D5-84B7-6E3033DF27D9}.Debug|Any CPU.Deploy.0 = Debug|Any CPU
		{65CB1CCB-F510-40D5-84B7-6E3033DF27D9}.Release|Any CPU.ActiveCfg = Release|Any CPU
		{65CB1CCB-F510-40D5-84B7-6E3033DF27D9}.Release|Any CPU.Build.0 = Release|Any CPU
		{65CB1CCB-F510-40D5-84B7-6E3033DF27D9}.Release|Any CPU.Deploy.0 = Release|Any CPU
	EndGlobalSection
	GlobalSection(SolutionProperties) = preSolution
		HideSolutionNode = FALSE
	EndGlobalSection
	GlobalSection(ExtensibilityGlobals) = postSolution
		SolutionGuid = {84CB1507-FF99-45FE-8218-260A7D70014E}
	EndGlobalSection
EndGlobal
